
Microsoft Visual Studio Solution File, Format Version 12.00
# Visual Studio Version 17
VisualStudioVersion = 17.7.34018.315
MinimumVisualStudioVersion = 10.0.40219.1
Project("{9A19103F-16F7-4668-BE54-9A1E7A4F7556}") = "OdenMVC", "OdenMVC\OdenMVC.csproj", "{F2DBAD0E-E9C0-462D-A3E8-A386EA7503D9}"
EndProject
Global
	GlobalSection(SolutionConfigurationPlatforms) = preSolution
		Debug|Any CPU = Debug|Any CPU
		Release|Any CPU = Release|Any CPU
	EndGlobalSection
	GlobalSection(ProjectConfigurationPlatforms) = postSolution
		{F2DBAD0E-E9C0-462D-A3E8-A386EA7503D9}.Debug|Any CPU.ActiveCfg = Debug|Any CPU
		{F2DBAD0E-E9C0-462D-A3E8-A386EA7503D9}.Debug|Any CPU.Build.0 = Debug|Any CPU
		{F2DBAD0E-E9C0-462D-A3E8-A386EA7503D9}.Release|Any CPU.ActiveCfg = Release|Any CPU
		{F2DBAD0E-E9C0-462D-A3E8-A386EA7503D9}.Release|Any CPU.Build.0 = Release|Any CPU
	EndGlobalSection
	GlobalSection(SolutionProperties) = preSolution
		HideSolutionNode = FALSE
	EndGlobalSection
	GlobalSection(ExtensibilityGlobals) = postSolution
		SolutionGuid = {5DB4D524-FFD0-48DC-97DE-D2C061E3FE20}
	EndGlobalSection
EndGlobal
